
Microsoft Visual Studio Solution File, Format Version 12.00
# Visual Studio Version 17
VisualStudioVersion = 17.10.35027.167
MinimumVisualStudioVersion = 10.0.40219.1
Project("{FAE04EC0-301F-11D3-BF4B-00C04F79EFBC}") = "TP3", "TP3\TP3.csproj", "{CA0F0A61-2EE9-4BCC-8A5D-C714F0E1E1EC}"
EndProject
Global
	GlobalSection(SolutionConfigurationPlatforms) = preSolution
		Debug|Any CPU = Debug|Any CPU
		Release|Any CPU = Release|Any CPU
	EndGlobalSection
	GlobalSection(ProjectConfigurationPlatforms) = postSolution
		{CA0F0A61-2EE9-4BCC-8A5D-C714F0E1E1EC}.Debug|Any CPU.ActiveCfg = Debug|Any CPU
		{CA0F0A61-2EE9-4BCC-8A5D-C714F0E1E1EC}.Debug|Any CPU.Build.0 = Debug|Any CPU
		{CA0F0A61-2EE9-4BCC-8A5D-C714F0E1E1EC}.Release|Any CPU.ActiveCfg = Release|Any CPU
		{CA0F0A61-2EE9-4BCC-8A5D-C714F0E1E1EC}.Release|Any CPU.Build.0 = Release|Any CPU
	EndGlobalSection
	GlobalSection(SolutionProperties) = preSolution
		HideSolutionNode = FALSE
	EndGlobalSection
	GlobalSection(ExtensibilityGlobals) = postSolution
		SolutionGuid = {F6952D1F-D0B5-4385-ADDF-006E85213D15}
	EndGlobalSection
EndGlobal
